// !$*UTF8*$!
{
	archiveVersion = 1;
	classes = {
	};
	objectVersion = 51;
	objects = {

/* Begin PBXBuildFile section */
		713DFBFBD4EAC45B973A976D /* Pods_RestaurantApp.framework in Frameworks */ = {isa = PBXBuildFile; fileRef = 64F675635CB6AB7D8E1FE0CD /* Pods_RestaurantApp.framework */; };
		C236AD0C2492C91600C38180 /* AppDelegate.swift in Sources */ = {isa = PBXBuildFile; fileRef = C236AD0B2492C91600C38180 /* AppDelegate.swift */; };
		C236AD102492C91600C38180 /* ViewController.swift in Sources */ = {isa = PBXBuildFile; fileRef = C236AD0F2492C91600C38180 /* ViewController.swift */; };
		C236AD132492C91600C38180 /* Main.storyboard in Resources */ = {isa = PBXBuildFile; fileRef = C236AD112492C91600C38180 /* Main.storyboard */; };
		C236AD152492C91800C38180 /* Assets.xcassets in Resources */ = {isa = PBXBuildFile; fileRef = C236AD142492C91800C38180 /* Assets.xcassets */; };
		C236AD182492C91800C38180 /* LaunchScreen.storyboard in Resources */ = {isa = PBXBuildFile; fileRef = C236AD162492C91800C38180 /* LaunchScreen.storyboard */; };
		C24E72692493BFC200B9F39F /* LocationViewController.swift in Sources */ = {isa = PBXBuildFile; fileRef = C24E72682493BFC200B9F39F /* LocationViewController.swift */; };
		C24E726C2493D1C400B9F39F /* LocationService.swift in Sources */ = {isa = PBXBuildFile; fileRef = C24E726B2493D1C400B9F39F /* LocationService.swift */; };
		C2B229FC2493ACA00084E816 /* BaseView.swift in Sources */ = {isa = PBXBuildFile; fileRef = C2B229FB2493ACA00084E816 /* BaseView.swift */; };
		C2B22A002493AF5C0084E816 /* DetailsFoodView.swift in Sources */ = {isa = PBXBuildFile; fileRef = C2B229FF2493AF5C0084E816 /* DetailsFoodView.swift */; };
		C2B22A022493B2580084E816 /* DetailsFoodViewController.swift in Sources */ = {isa = PBXBuildFile; fileRef = C2B22A012493B2580084E816 /* DetailsFoodViewController.swift */; };
		C2B22A052493B36A0084E816 /* RestaurantTableViewController.swift in Sources */ = {isa = PBXBuildFile; fileRef = C2B22A042493B36A0084E816 /* RestaurantTableViewController.swift */; };
		C2B22A082493B3AF0084E816 /* RestarantTableViewCell.swift in Sources */ = {isa = PBXBuildFile; fileRef = C2B22A072493B3AF0084E816 /* RestarantTableViewCell.swift */; };
		C2B22A0C2493B4DC0084E816 /* LocationView.swift in Sources */ = {isa = PBXBuildFile; fileRef = C2B22A0B2493B4DC0084E816 /* LocationView.swift */; };
		C2DF0AB324962A630041E1CD /* NetworkService.swift in Sources */ = {isa = PBXBuildFile; fileRef = C2DF0AB224962A630041E1CD /* NetworkService.swift */; };
/* End PBXBuildFile section */

/* Begin PBXFileReference section */
		64F675635CB6AB7D8E1FE0CD /* Pods_RestaurantApp.framework */ = {isa = PBXFileReference; explicitFileType = wrapper.framework; includeInIndex = 0; path = Pods_RestaurantApp.framework; sourceTree = BUILT_PRODUCTS_DIR; };
		C236AD082492C91600C38180 /* RestaurantApp.app */ = {isa = PBXFileReference; explicitFileType = wrapper.application; includeInIndex = 0; path = RestaurantApp.app; sourceTree = BUILT_PRODUCTS_DIR; };
		C236AD0B2492C91600C38180 /* AppDelegate.swift */ = {isa = PBXFileReference; lastKnownFileType = sourcecode.swift; path = AppDelegate.swift; sourceTree = "<group>"; };
		C236AD0F2492C91600C38180 /* ViewController.swift */ = {isa = PBXFileReference; lastKnownFileType = sourcecode.swift; path = ViewController.swift; sourceTree = "<group>"; };
		C236AD122492C91600C38180 /* Base */ = {isa = PBXFileReference; lastKnownFileType = file.storyboard; name = Base; path = Base.lproj/Main.storyboard; sourceTree = "<group>"; };
		C236AD142492C91800C38180 /* Assets.xcassets */ = {isa = PBXFileReference; lastKnownFileType = folder.assetcatalog; path = Assets.xcassets; sourceTree = "<group>"; };
		C236AD172492C91800C38180 /* Base */ = {isa = PBXFileReference; lastKnownFileType = file.storyboard; name = Base; path = Base.lproj/LaunchScreen.storyboard; sourceTree = "<group>"; };
		C236AD192492C91800C38180 /* Info.plist */ = {isa = PBXFileReference; lastKnownFileType = text.plist.xml; path = Info.plist; sourceTree = "<group>"; };
		C24E72682493BFC200B9F39F /* LocationViewController.swift */ = {isa = PBXFileReference; lastKnownFileType = sourcecode.swift; path = LocationViewController.swift; sourceTree = "<group>"; };
		C24E726B2493D1C400B9F39F /* LocationService.swift */ = {isa = PBXFileReference; lastKnownFileType = sourcecode.swift; path = LocationService.swift; sourceTree = "<group>"; };
		C2B229FB2493ACA00084E816 /* BaseView.swift */ = {isa = PBXFileReference; lastKnownFileType = sourcecode.swift; path = BaseView.swift; sourceTree = "<group>"; };
		C2B229FF2493AF5C0084E816 /* DetailsFoodView.swift */ = {isa = PBXFileReference; lastKnownFileType = sourcecode.swift; path = DetailsFoodView.swift; sourceTree = "<group>"; };
		C2B22A012493B2580084E816 /* DetailsFoodViewController.swift */ = {isa = PBXFileReference; lastKnownFileType = sourcecode.swift; path = DetailsFoodViewController.swift; sourceTree = "<group>"; };
		C2B22A042493B36A0084E816 /* RestaurantTableViewController.swift */ = {isa = PBXFileReference; lastKnownFileType = sourcecode.swift; path = RestaurantTableViewController.swift; sourceTree = "<group>"; };
		C2B22A072493B3AF0084E816 /* RestarantTableViewCell.swift */ = {isa = PBXFileReference; lastKnownFileType = sourcecode.swift; path = RestarantTableViewCell.swift; sourceTree = "<group>"; };
		C2B22A0B2493B4DC0084E816 /* LocationView.swift */ = {isa = PBXFileReference; lastKnownFileType = sourcecode.swift; path = LocationView.swift; sourceTree = "<group>"; };
		C2DF0AB224962A630041E1CD /* NetworkService.swift */ = {isa = PBXFileReference; lastKnownFileType = sourcecode.swift; path = NetworkService.swift; sourceTree = "<group>"; };
		C5D0D6B831FFA6166C4FAFBF /* Pods-RestaurantApp.release.xcconfig */ = {isa = PBXFileReference; includeInIndex = 1; lastKnownFileType = text.xcconfig; name = "Pods-RestaurantApp.release.xcconfig"; path = "Target Support Files/Pods-RestaurantApp/Pods-RestaurantApp.release.xcconfig"; sourceTree = "<group>"; };
		D6AE3B0E8E70AD818479F5D9 /* Pods-RestaurantApp.debug.xcconfig */ = {isa = PBXFileReference; includeInIndex = 1; lastKnownFileType = text.xcconfig; name = "Pods-RestaurantApp.debug.xcconfig"; path = "Target Support Files/Pods-RestaurantApp/Pods-RestaurantApp.debug.xcconfig"; sourceTree = "<group>"; };
/* End PBXFileReference section */

/* Begin PBXFrameworksBuildPhase section */
		C236AD052492C91600C38180 /* Frameworks */ = {
			isa = PBXFrameworksBuildPhase;
			buildActionMask = 2147483647;
			files = (
				713DFBFBD4EAC45B973A976D /* Pods_RestaurantApp.framework in Frameworks */,
			);
			runOnlyForDeploymentPostprocessing = 0;
		};
/* End PBXFrameworksBuildPhase section */

/* Begin PBXGroup section */
		06F765B72A24FBBBF89247E4 /* Pods */ = {
			isa = PBXGroup;
			children = (
				D6AE3B0E8E70AD818479F5D9 /* Pods-RestaurantApp.debug.xcconfig */,
				C5D0D6B831FFA6166C4FAFBF /* Pods-RestaurantApp.release.xcconfig */,
			);
			path = Pods;
			sourceTree = "<group>";
		};
		C236ACFF2492C91600C38180 = {
			isa = PBXGroup;
			children = (
				C236AD0A2492C91600C38180 /* RestaurantApp */,
				C236AD092492C91600C38180 /* Products */,
				06F765B72A24FBBBF89247E4 /* Pods */,
				F3CCF65F19BA7BC26E28C6EA /* Frameworks */,
			);
			sourceTree = "<group>";
		};
		C236AD092492C91600C38180 /* Products */ = {
			isa = PBXGroup;
			children = (
				C236AD082492C91600C38180 /* RestaurantApp.app */,
			);
			name = Products;
			sourceTree = "<group>";
		};
		C236AD0A2492C91600C38180 /* RestaurantApp */ = {
			isa = PBXGroup;
			children = (
				C24E726A2493D1B300B9F39F /* Services */,
				C2B229FA2493AC840084E816 /* Screens */,
				C236AD0B2492C91600C38180 /* AppDelegate.swift */,
				C236AD0F2492C91600C38180 /* ViewController.swift */,
				C236AD112492C91600C38180 /* Main.storyboard */,
				C236AD142492C91800C38180 /* Assets.xcassets */,
				C236AD162492C91800C38180 /* LaunchScreen.storyboard */,
				C236AD192492C91800C38180 /* Info.plist */,
			);
			path = RestaurantApp;
			sourceTree = "<group>";
		};
		C24E726A2493D1B300B9F39F /* Services */ = {
			isa = PBXGroup;
			children = (
				C24E726B2493D1C400B9F39F /* LocationService.swift */,
				C2DF0AB224962A630041E1CD /* NetworkService.swift */,
			);
			path = Services;
			sourceTree = "<group>";
		};
		C2B229FA2493AC840084E816 /* Screens */ = {
			isa = PBXGroup;
			children = (
				C2B22A092493B4C30084E816 /* Location */,
				C2B22A032493B3150084E816 /* List */,
				C2B229FD2493AF110084E816 /* Details */,
				C2B229FB2493ACA00084E816 /* BaseView.swift */,
			);
			path = Screens;
			sourceTree = "<group>";
		};
		C2B229FD2493AF110084E816 /* Details */ = {
			isa = PBXGroup;
			children = (
				C2B229FE2493AF160084E816 /* Views */,
				C2B22A012493B2580084E816 /* DetailsFoodViewController.swift */,
			);
			path = Details;
			sourceTree = "<group>";
		};
		C2B229FE2493AF160084E816 /* Views */ = {
			isa = PBXGroup;
			children = (
				C2B229FF2493AF5C0084E816 /* DetailsFoodView.swift */,
			);
			path = Views;
			sourceTree = "<group>";
		};
		C2B22A032493B3150084E816 /* List */ = {
			isa = PBXGroup;
			children = (
				C2B22A062493B3890084E816 /* Views */,
				C2B22A042493B36A0084E816 /* RestaurantTableViewController.swift */,
			);
			path = List;
			sourceTree = "<group>";
		};
		C2B22A062493B3890084E816 /* Views */ = {
			isa = PBXGroup;
			children = (
				C2B22A072493B3AF0084E816 /* RestarantTableViewCell.swift */,
			);
			path = Views;
			sourceTree = "<group>";
		};
		C2B22A092493B4C30084E816 /* Location */ = {
			isa = PBXGroup;
			children = (
				C2B22A0A2493B4C80084E816 /* Views */,
				C24E72682493BFC200B9F39F /* LocationViewController.swift */,
			);
			path = Location;
			sourceTree = "<group>";
		};
		C2B22A0A2493B4C80084E816 /* Views */ = {
			isa = PBXGroup;
			children = (
				C2B22A0B2493B4DC0084E816 /* LocationView.swift */,
			);
			path = Views;
			sourceTree = "<group>";
		};
		F3CCF65F19BA7BC26E28C6EA /* Frameworks */ = {
			isa = PBXGroup;
			children = (
				64F675635CB6AB7D8E1FE0CD /* Pods_RestaurantApp.framework */,
			);
			name = Frameworks;
			sourceTree = "<group>";
		};
/* End PBXGroup section */

/* Begin PBXNativeTarget section */
		C236AD072492C91600C38180 /* RestaurantApp */ = {
			isa = PBXNativeTarget;
			buildConfigurationList = C236AD1C2492C91800C38180 /* Build configuration list for PBXNativeTarget "RestaurantApp" */;
			buildPhases = (
				275CA8520A0A77568BF62035 /* [CP] Check Pods Manifest.lock */,
				C236AD042492C91600C38180 /* Sources */,
				C236AD052492C91600C38180 /* Frameworks */,
				C236AD062492C91600C38180 /* Resources */,
				6DACA55E84788067292F38EE /* [CP] Embed Pods Frameworks */,
			);
			buildRules = (
			);
			dependencies = (
			);
			name = RestaurantApp;
			productName = RestaurantApp;
			productReference = C236AD082492C91600C38180 /* RestaurantApp.app */;
			productType = "com.apple.product-type.application";
		};
/* End PBXNativeTarget section */

/* Begin PBXProject section */
		C236AD002492C91600C38180 /* Project object */ = {
			isa = PBXProject;
			attributes = {
				LastSwiftUpdateCheck = 1150;
				LastUpgradeCheck = 1150;
				ORGANIZATIONNAME = Afsal;
				TargetAttributes = {
					C236AD072492C91600C38180 = {
						CreatedOnToolsVersion = 11.5;
					};
				};
			};
			buildConfigurationList = C236AD032492C91600C38180 /* Build configuration list for PBXProject "RestaurantApp" */;
			compatibilityVersion = "Xcode 9.3";
			developmentRegion = en;
			hasScannedForEncodings = 0;
			knownRegions = (
				en,
				Base,
			);
			mainGroup = C236ACFF2492C91600C38180;
			productRefGroup = C236AD092492C91600C38180 /* Products */;
			projectDirPath = "";
			projectRoot = "";
			targets = (
				C236AD072492C91600C38180 /* RestaurantApp */,
			);
		};
/* End PBXProject section */

/* Begin PBXResourcesBuildPhase section */
		C236AD062492C91600C38180 /* Resources */ = {
			isa = PBXResourcesBuildPhase;
			buildActionMask = 2147483647;
			files = (
				C236AD182492C91800C38180 /* LaunchScreen.storyboard in Resources */,
				C236AD152492C91800C38180 /* Assets.xcassets in Resources */,
				C236AD132492C91600C38180 /* Main.storyboard in Resources */,
			);
			runOnlyForDeploymentPostprocessing = 0;
		};
/* End PBXResourcesBuildPhase section */

/* Begin PBXShellScriptBuildPhase section */
		275CA8520A0A77568BF62035 /* [CP] Check Pods Manifest.lock */ = {
			isa = PBXShellScriptBuildPhase;
			buildActionMask = 2147483647;
			files = (
			);
			inputFileListPaths = (
			);
			inputPaths = (
				"${PODS_PODFILE_DIR_PATH}/Podfile.lock",
				"${PODS_ROOT}/Manifest.lock",
			);
			name = "[CP] Check Pods Manifest.lock";
			outputFileListPaths = (
			);
			outputPaths = (
				"$(DERIVED_FILE_DIR)/Pods-RestaurantApp-checkManifestLockResult.txt",
			);
			runOnlyForDeploymentPostprocessing = 0;
			shellPath = /bin/sh;
			shellScript = "diff \"${PODS_PODFILE_DIR_PATH}/Podfile.lock\" \"${PODS_ROOT}/Manifest.lock\" > /dev/null\nif [ $? != 0 ] ; then\n    # print error to STDERR\n    echo \"error: The sandbox is not in sync with the Podfile.lock. Run 'pod install' or update your CocoaPods installation.\" >&2\n    exit 1\nfi\n# This output is used by Xcode 'outputs' to avoid re-running this script phase.\necho \"SUCCESS\" > \"${SCRIPT_OUTPUT_FILE_0}\"\n";
			showEnvVarsInLog = 0;
		};
		6DACA55E84788067292F38EE /* [CP] Embed Pods Frameworks */ = {
			isa = PBXShellScriptBuildPhase;
			buildActionMask = 2147483647;
			files = (
			);
			inputFileListPaths = (
				"${PODS_ROOT}/Target Support Files/Pods-RestaurantApp/Pods-RestaurantApp-frameworks-${CONFIGURATION}-input-files.xcfilelist",
			);
			name = "[CP] Embed Pods Frameworks";
			outputFileListPaths = (
				"${PODS_ROOT}/Target Support Files/Pods-RestaurantApp/Pods-RestaurantApp-frameworks-${CONFIGURATION}-output-files.xcfilelist",
			);
			runOnlyForDeploymentPostprocessing = 0;
			shellPath = /bin/sh;
			shellScript = "\"${PODS_ROOT}/Target Support Files/Pods-RestaurantApp/Pods-RestaurantApp-frameworks.sh\"\n";
			showEnvVarsInLog = 0;
		};
/* End PBXShellScriptBuildPhase section */

/* Begin PBXSourcesBuildPhase section */
		C236AD042492C91600C38180 /* Sources */ = {
			isa = PBXSourcesBuildPhase;
			buildActionMask = 2147483647;
			files = (
				C2DF0AB324962A630041E1CD /* NetworkService.swift in Sources */,
				C2B229FC2493ACA00084E816 /* BaseView.swift in Sources */,
				C2B22A0C2493B4DC0084E816 /* LocationView.swift in Sources */,
				C24E726C2493D1C400B9F39F /* LocationService.swift in Sources */,
				C2B22A002493AF5C0084E816 /* DetailsFoodView.swift in Sources */,
				C2B22A052493B36A0084E816 /* RestaurantTableViewController.swift in Sources */,
				C2B22A022493B2580084E816 /* DetailsFoodViewController.swift in Sources */,
				C236AD102492C91600C38180 /* ViewController.swift in Sources */,
				C24E72692493BFC200B9F39F /* LocationViewController.swift in Sources */,
				C2B22A082493B3AF0084E816 /* RestarantTableViewCell.swift in Sources */,
				C236AD0C2492C91600C38180 /* AppDelegate.swift in Sources */,
			);
			runOnlyForDeploymentPostprocessing = 0;
		};
/* End PBXSourcesBuildPhase section */

/* Begin PBXVariantGroup section */
		C236AD112492C91600C38180 /* Main.storyboard */ = {
			isa = PBXVariantGroup;
			children = (
				C236AD122492C91600C38180 /* Base */,
			);
			name = Main.storyboard;
			sourceTree = "<group>";
		};
		C236AD162492C91800C38180 /* LaunchScreen.storyboard */ = {
			isa = PBXVariantGroup;
			children = (
				C236AD172492C91800C38180 /* Base */,
			);
			name = LaunchScreen.storyboard;
			sourceTree = "<group>";
		};
/* End PBXVariantGroup section */

/* Begin XCBuildConfiguration section */
		C236AD1A2492C91800C38180 /* Debug */ = {
			isa = XCBuildConfiguration;
			buildSettings = {
				ALWAYS_SEARCH_USER_PATHS = NO;
				CLANG_ANALYZER_NONNULL = YES;
				CLANG_ANALYZER_NUMBER_OBJECT_CONVERSION = YES_AGGRESSIVE;
				CLANG_CXX_LANGUAGE_STANDARD = "gnu++14";
				CLANG_CXX_LIBRARY = "libc++";
				CLANG_ENABLE_MODULES = YES;
				CLANG_ENABLE_OBJC_ARC = YES;
				CLANG_ENABLE_OBJC_WEAK = YES;
				CLANG_WARN_BLOCK_CAPTURE_AUTORELEASING = YES;
				CLANG_WARN_BOOL_CONVERSION = YES;
				CLANG_WARN_COMMA = YES;
				CLANG_WARN_CONSTANT_CONVERSION = YES;
				CLANG_WARN_DEPRECATED_OBJC_IMPLEMENTATIONS = YES;
				CLANG_WARN_DIRECT_OBJC_ISA_USAGE = YES_ERROR;
				CLANG_WARN_DOCUMENTATION_COMMENTS = YES;
				CLANG_WARN_EMPTY_BODY = YES;
				CLANG_WARN_ENUM_CONVERSION = YES;
				CLANG_WARN_INFINITE_RECURSION = YES;
				CLANG_WARN_INT_CONVERSION = YES;
				CLANG_WARN_NON_LITERAL_NULL_CONVERSION = YES;
				CLANG_WARN_OBJC_IMPLICIT_RETAIN_SELF = YES;
				CLANG_WARN_OBJC_LITERAL_CONVERSION = YES;
				CLANG_WARN_OBJC_ROOT_CLASS = YES_ERROR;
				CLANG_WARN_RANGE_LOOP_ANALYSIS = YES;
				CLANG_WARN_STRICT_PROTOTYPES = YES;
				CLANG_WARN_SUSPICIOUS_MOVE = YES;
				CLANG_WARN_UNGUARDED_AVAILABILITY = YES_AGGRESSIVE;
				CLANG_WARN_UNREACHABLE_CODE = YES;
				CLANG_WARN__DUPLICATE_METHOD_MATCH = YES;
				COPY_PHASE_STRIP = NO;
				DEBUG_INFORMATION_FORMAT = dwarf;
				ENABLE_STRICT_OBJC_MSGSEND = YES;
				ENABLE_TESTABILITY = YES;
				GCC_C_LANGUAGE_STANDARD = gnu11;
				GCC_DYNAMIC_NO_PIC = NO;
				GCC_NO_COMMON_BLOCKS = YES;
				GCC_OPTIMIZATION_LEVEL = 0;
				GCC_PREPROCESSOR_DEFINITIONS = (
					"DEBUG=1",
					"$(inherited)",
				);
				GCC_WARN_64_TO_32_BIT_CONVERSION = YES;
				GCC_WARN_ABOUT_RETURN_TYPE = YES_ERROR;
				GCC_WARN_UNDECLARED_SELECTOR = YES;
				GCC_WARN_UNINITIALIZED_AUTOS = YES_AGGRESSIVE;
				GCC_WARN_UNUSED_FUNCTION = YES;
				GCC_WARN_UNUSED_VARIABLE = YES;
				IPHONEOS_DEPLOYMENT_TARGET = 13.5;
				MTL_ENABLE_DEBUG_INFO = INCLUDE_SOURCE;
				MTL_FAST_MATH = YES;
				ONLY_ACTIVE_ARCH = YES;
				SDKROOT = iphoneos;
				SWIFT_ACTIVE_COMPILATION_CONDITIONS = DEBUG;
				SWIFT_OPTIMIZATION_LEVEL = "-Onone";
			};
			name = Debug;
		};
		C236AD1B2492C91800C38180 /* Release */ = {
			isa = XCBuildConfiguration;
			buildSettings = {
				ALWAYS_SEARCH_USER_PATHS = NO;
				CLANG_ANALYZER_NONNULL = YES;
				CLANG_ANALYZER_NUMBER_OBJECT_CONVERSION = YES_AGGRESSIVE;
				CLANG_CXX_LANGUAGE_STANDARD = "gnu++14";
				CLANG_CXX_LIBRARY = "libc++";
				CLANG_ENABLE_MODULES = YES;
				CLANG_ENABLE_OBJC_ARC = YES;
				CLANG_ENABLE_OBJC_WEAK = YES;
				CLANG_WARN_BLOCK_CAPTURE_AUTORELEASING = YES;
				CLANG_WARN_BOOL_CONVERSION = YES;
				CLANG_WARN_COMMA = YES;
				CLANG_WARN_CONSTANT_CONVERSION = YES;
				CLANG_WARN_DEPRECATED_OBJC_IMPLEMENTATIONS = YES;
				CLANG_WARN_DIRECT_OBJC_ISA_USAGE = YES_ERROR;
				CLANG_WARN_DOCUMENTATION_COMMENTS = YES;
				CLANG_WARN_EMPTY_BODY = YES;
				CLANG_WARN_ENUM_CONVERSION = YES;
				CLANG_WARN_INFINITE_RECURSION = YES;
				CLANG_WARN_INT_CONVERSION = YES;
				CLANG_WARN_NON_LITERAL_NULL_CONVERSION = YES;
				CLANG_WARN_OBJC_IMPLICIT_RETAIN_SELF = YES;
				CLANG_WARN_OBJC_LITERAL_CONVERSION = YES;
				CLANG_WARN_OBJC_ROOT_CLASS = YES_ERROR;
				CLANG_WARN_RANGE_LOOP_ANALYSIS = YES;
				CLANG_WARN_STRICT_PROTOTYPES = YES;
				CLANG_WARN_SUSPICIOUS_MOVE = YES;
				CLANG_WARN_UNGUARDED_AVAILABILITY = YES_AGGRESSIVE;
				CLANG_WARN_UNREACHABLE_CODE = YES;
				CLANG_WARN__DUPLICATE_METHOD_MATCH = YES;
				COPY_PHASE_STRIP = NO;
				DEBUG_INFORMATION_FORMAT = "dwarf-with-dsym";
				ENABLE_NS_ASSERTIONS = NO;
				ENABLE_STRICT_OBJC_MSGSEND = YES;
				GCC_C_LANGUAGE_STANDARD = gnu11;
				GCC_NO_COMMON_BLOCKS = YES;
				GCC_WARN_64_TO_32_BIT_CONVERSION = YES;
				GCC_WARN_ABOUT_RETURN_TYPE = YES_ERROR;
				GCC_WARN_UNDECLARED_SELECTOR = YES;
				GCC_WARN_UNINITIALIZED_AUTOS = YES_AGGRESSIVE;
				GCC_WARN_UNUSED_FUNCTION = YES;
				GCC_WARN_UNUSED_VARIABLE = YES;
				IPHONEOS_DEPLOYMENT_TARGET = 13.5;
				MTL_ENABLE_DEBUG_INFO = NO;
				MTL_FAST_MATH = YES;
				SDKROOT = iphoneos;
				SWIFT_COMPILATION_MODE = wholemodule;
				SWIFT_OPTIMIZATION_LEVEL = "-O";
				VALIDATE_PRODUCT = YES;
			};
			name = Release;
		};
		C236AD1D2492C91800C38180 /* Debug */ = {
			isa = XCBuildConfiguration;
			baseConfigurationReference = D6AE3B0E8E70AD818479F5D9 /* Pods-RestaurantApp.debug.xcconfig */;
			buildSettings = {
				ASSETCATALOG_COMPILER_APPICON_NAME = AppIcon;
				CODE_SIGN_STYLE = Automatic;
				DEVELOPMENT_TEAM = DYLPX4LAWP;
				INFOPLIST_FILE = RestaurantApp/Info.plist;
				LD_RUNPATH_SEARCH_PATHS = (
					"$(inherited)",
					"@executable_path/Frameworks",
				);
				PRODUCT_BUNDLE_IDENTIFIER = com.Afsal.RestaurantApp;
				PRODUCT_NAME = "$(TARGET_NAME)";
				SWIFT_VERSION = 5.0;
				TARGETED_DEVICE_FAMILY = "1,2";
			};
			name = Debug;
		};
		C236AD1E2492C91800C38180 /* Release */ = {
			isa = XCBuildConfiguration;
			baseConfigurationReference = C5D0D6B831FFA6166C4FAFBF /* Pods-RestaurantApp.release.xcconfig */;
			buildSettings = {
				ASSETCATALOG_COMPILER_APPICON_NAME = AppIcon;
				CODE_SIGN_STYLE = Automatic;
				DEVELOPMENT_TEAM = DYLPX4LAWP;
				INFOPLIST_FILE = RestaurantApp/Info.plist;
				LD_RUNPATH_SEARCH_PATHS = (
					"$(inherited)",
					"@executable_path/Frameworks",
				);
				PRODUCT_BUNDLE_IDENTIFIER = com.Afsal.RestaurantApp;
				PRODUCT_NAME = "$(TARGET_NAME)";
				SWIFT_VERSION = 5.0;
				TARGETED_DEVICE_FAMILY = "1,2";
			};
			name = Release;
		};
/* End XCBuildConfiguration section */

/* Begin XCConfigurationList section */
		C236AD032492C91600C38180 /* Build configuration list for PBXProject "RestaurantApp" */ = {
			isa = XCConfigurationList;
			buildConfigurations = (
				C236AD1A2492C91800C38180 /* Debug */,
				C236AD1B2492C91800C38180 /* Release */,
			);
			defaultConfigurationIsVisible = 0;
			defaultConfigurationName = Release;
		};
		C236AD1C2492C91800C38180 /* Build configuration list for PBXNativeTarget "RestaurantApp" */ = {
			isa = XCConfigurationList;
			buildConfigurations = (
				C236AD1D2492C91800C38180 /* Debug */,
				C236AD1E2492C91800C38180 /* Release */,
			);
			defaultConfigurationIsVisible = 0;
			defaultConfigurationName = Release;
		};
/* End XCConfigurationList section */
	};
	rootObject = C236AD002492C91600C38180 /* Project object */;
}
